<Solution>
  <Folder Name="/Solution Items/">
    <File Path=".editorconfig" />
    <File Path=".gitignore" />
    <File Path="Directory.Build.props" />
    <File Path="nuget.config" />
  </Folder>
  <Folder Name="/Tests/">
    <Project Path="Tests/CK.EmbeddedResources.Globalization.Tests/CK.EmbeddedResources.Globalization.Tests.csproj" />
    <Project Path="Tests/CK.ResourceSpace.Tests/CK.ResourceSpace.Tests.csproj" />
  </Folder>
  <Project Path="CK.EmbeddedResources.Globalization/CK.EmbeddedResources.Globalization.csproj" />
  <Project Path="CK.ResourceSpace.Assets/CK.ResourceSpace.Assets.csproj" />
  <Project Path="CK.ResourceSpace.Globalization/CK.ResourceSpace.Globalization.csproj" />
  <Project Path="CK.ResourceSpace/CK.ResourceSpace.csproj" />
</Solution>
